
Microsoft Visual Studio Solution File, Format Version 12.00
# Visual Studio Version 16
VisualStudioVersion = 16.0.30804.86
MinimumVisualStudioVersion = 10.0.40219.1
Project("{FAE04EC0-301F-11D3-BF4B-00C04F79EFBC}") = "WebApipersona", "WebApipersona\WebApipersona.csproj", "{CB0D4DF6-6BFB-4FBE-B8B2-72011FA83A12}"
EndProject
Global
	GlobalSection(SolutionConfigurationPlatforms) = preSolution
		Debug|Any CPU = Debug|Any CPU
		Release|Any CPU = Release|Any CPU
	EndGlobalSection
	GlobalSection(ProjectConfigurationPlatforms) = postSolution
		{CB0D4DF6-6BFB-4FBE-B8B2-72011FA83A12}.Debug|Any CPU.ActiveCfg = Debug|Any CPU
		{CB0D4DF6-6BFB-4FBE-B8B2-72011FA83A12}.Debug|Any CPU.Build.0 = Debug|Any CPU
		{CB0D4DF6-6BFB-4FBE-B8B2-72011FA83A12}.Release|Any CPU.ActiveCfg = Release|Any CPU
		{CB0D4DF6-6BFB-4FBE-B8B2-72011FA83A12}.Release|Any CPU.Build.0 = Release|Any CPU
	EndGlobalSection
	GlobalSection(SolutionProperties) = preSolution
		HideSolutionNode = FALSE
	EndGlobalSection
	GlobalSection(ExtensibilityGlobals) = postSolution
		SolutionGuid = {795287A3-5F08-4B71-AC4F-5E3118D59756}
	EndGlobalSection
EndGlobal
